{
  "version": "5",
  "specifiers": {
    "jsr:@hviana/deno-kv-fs@^1.0.1": "1.0.1",
    "jsr:@panva/jose@6.0.10": "6.0.10",
    "jsr:@panva/jose@^6.0.10": "6.0.10",
    "jsr:@std/async@^1.0.7": "1.0.10",
    "jsr:@std/bytes@^1.0.5": "1.0.5",
    "jsr:@std/crypto@^1.0.3": "1.0.4",
    "jsr:@std/crypto@^1.0.4": "1.0.4",
    "jsr:@std/fs@^1.0.13": "1.0.13",
    "jsr:@std/fs@^1.0.17": "1.0.17",
    "jsr:@std/http@^1.0.13": "1.0.13",
    "jsr:@std/http@^1.0.15": "1.0.15",
    "jsr:@std/http@^1.0.9": "1.0.13",
    "jsr:@std/io@0.225": "0.225.2",
    "jsr:@std/io@~0.225.2": "0.225.2",
    "jsr:@std/path@^1.0.8": "1.0.8",
    "jsr:@std/path@^1.0.9": "1.0.9"
  },
  "jsr": {
    "@hviana/deno-kv-fs@1.0.1": {
      "integrity": "0872a7fb200cb3a716ec0314a8fbe8869e43d173a5ad82350f3cc3c8388d6bf1",
      "dependencies": [
        "jsr:@std/async"
      ]
    },
    "@panva/jose@6.0.10": {
      "integrity": "bd6e916d7b0bdb34a76752c701aaa25828326885e199714ac81741b6caef7143"
    },
    "@std/async@1.0.10": {
      "integrity": "2ff1b1c7d33d1416159989b0f69e59ec7ee8cb58510df01e454def2108b3dbec"
    },
    "@std/bytes@1.0.5": {
      "integrity": "4465dd739d7963d964c809202ebea6d5c6b8e3829ef25c6a224290fbb8a1021e"
    },
    "@std/crypto@1.0.4": {
      "integrity": "cee245c453bd5366207f4d8aa25ea3e9c86cecad2be3fefcaa6cb17203d79340"
    },
    "@std/fs@1.0.13": {
      "integrity": "756d3ff0ade91c9e72b228e8012b6ff00c3d4a4ac9c642c4dac083536bf6c605",
      "dependencies": [
        "jsr:@std/path@^1.0.8"
      ]
    },
    "@std/fs@1.0.17": {
      "integrity": "1c00c632677c1158988ef7a004cb16137f870aafdb8163b9dce86ec652f3952b",
      "dependencies": [
        "jsr:@std/path@^1.0.9"
      ]
    },
    "@std/http@1.0.13": {
      "integrity": "d29618b982f7ae44380111f7e5b43da59b15db64101198bb5f77100d44eb1e1e"
    },
    "@std/http@1.0.15": {
      "integrity": "435a4934b4e196e82a8233f724da525f7b7112f3566502f28815e94764c19159"
    },
    "@std/io@0.225.2": {
      "integrity": "3c740cd4ee4c082e6cfc86458f47e2ab7cb353dc6234d5e9b1f91a2de5f4d6c7",
      "dependencies": [
        "jsr:@std/bytes"
      ]
    },
    "@std/path@1.0.8": {
      "integrity": "548fa456bb6a04d3c1a1e7477986b6cffbce95102d0bb447c67c4ee70e0364be"
    },
    "@std/path@1.0.9": {
      "integrity": "260a49f11edd3db93dd38350bf9cd1b4d1366afa98e81b86167b4e3dd750129e"
    }
  }
}
